
Microsoft Visual Studio Solution File, Format Version 12.00
# Visual Studio Version 16
VisualStudioVersion = 16.0.33027.164
MinimumVisualStudioVersion = 10.0.40219.1
Project("{FAE04EC0-301F-11D3-BF4B-00C04F79EFBC}") = "bytebank_ATENDIMENTO", "bytebank_ATENDIMENTO\bytebank_ATENDIMENTO.csproj", "{1BF7F775-3A21-439D-8D3A-331FF09F151B}"
EndProject
Project("{FAE04EC0-301F-11D3-BF4B-00C04F79EFBC}") = "bytebank_Modelos", "bytebank_Modelos\bytebank_Modelos.csproj", "{022DC5F5-3746-4601-8900-E9C4919AA191}"
EndProject
Global
	GlobalSection(SolutionConfigurationPlatforms) = preSolution
		Debug|Any CPU = Debug|Any CPU
		Release|Any CPU = Release|Any CPU
	EndGlobalSection
	GlobalSection(ProjectConfigurationPlatforms) = postSolution
		{1BF7F775-3A21-439D-8D3A-331FF09F151B}.Debug|Any CPU.ActiveCfg = Debug|Any CPU
		{1BF7F775-3A21-439D-8D3A-331FF09F151B}.Debug|Any CPU.Build.0 = Debug|Any CPU
		{1BF7F775-3A21-439D-8D3A-331FF09F151B}.Release|Any CPU.ActiveCfg = Release|Any CPU
		{1BF7F775-3A21-439D-8D3A-331FF09F151B}.Release|Any CPU.Build.0 = Release|Any CPU
		{022DC5F5-3746-4601-8900-E9C4919AA191}.Debug|Any CPU.ActiveCfg = Debug|Any CPU
		{022DC5F5-3746-4601-8900-E9C4919AA191}.Debug|Any CPU.Build.0 = Debug|Any CPU
		{022DC5F5-3746-4601-8900-E9C4919AA191}.Release|Any CPU.ActiveCfg = Release|Any CPU
		{022DC5F5-3746-4601-8900-E9C4919AA191}.Release|Any CPU.Build.0 = Release|Any CPU
	EndGlobalSection
	GlobalSection(SolutionProperties) = preSolution
		HideSolutionNode = FALSE
	EndGlobalSection
	GlobalSection(ExtensibilityGlobals) = postSolution
		SolutionGuid = {ABED6F7C-FADD-4CFE-89F6-FCED1AAAB23F}
	EndGlobalSection
EndGlobal
