
Microsoft Visual Studio Solution File, Format Version 12.00
# Visual Studio Version 16
VisualStudioVersion = 16.0.33027.164
MinimumVisualStudioVersion = 10.0.40219.1
Project("{FAE04EC0-301F-11D3-BF4B-00C04F79EFBC}") = "RegexTest", "Regex\RegexTest.csproj", "{07B9BDF7-60CF-46B6-B467-017A97AE5F79}"
EndProject
Global
	GlobalSection(SolutionConfigurationPlatforms) = preSolution
		Debug|Any CPU = Debug|Any CPU
		Release|Any CPU = Release|Any CPU
	EndGlobalSection
	GlobalSection(ProjectConfigurationPlatforms) = postSolution
		{07B9BDF7-60CF-46B6-B467-017A97AE5F79}.Debug|Any CPU.ActiveCfg = Debug|Any CPU
		{07B9BDF7-60CF-46B6-B467-017A97AE5F79}.Debug|Any CPU.Build.0 = Debug|Any CPU
		{07B9BDF7-60CF-46B6-B467-017A97AE5F79}.Release|Any CPU.ActiveCfg = Release|Any CPU
		{07B9BDF7-60CF-46B6-B467-017A97AE5F79}.Release|Any CPU.Build.0 = Release|Any CPU
	EndGlobalSection
	GlobalSection(SolutionProperties) = preSolution
		HideSolutionNode = FALSE
	EndGlobalSection
	GlobalSection(ExtensibilityGlobals) = postSolution
		SolutionGuid = {DB44065C-EAD9-431A-BFB9-B21FC9B04B8F}
	EndGlobalSection
EndGlobal
